
Microsoft Visual Studio Solution File, Format Version 12.00
# Visual Studio Version 16
VisualStudioVersion = 16.0.30011.22
MinimumVisualStudioVersion = 10.0.40219.1
Project("{9A19103F-16F7-4668-BE54-9A1E7A4F7556}") = "Qencode.Api.CSharp.Client", "Qencode.Api.CSharp.Client\Qencode.Api.CSharp.Client.csproj", "{D961400F-9432-4078-A664-FFF8134FE133}"
EndProject
Project("{9A19103F-16F7-4668-BE54-9A1E7A4F7556}") = "CustomEncodingExample", "CustomEncodingExample\CustomEncodingExample.csproj", "{30841209-EAC4-4AE5-BAEB-29060F441AE0}"
EndProject
Project("{9A19103F-16F7-4668-BE54-9A1E7A4F7556}") = "ProfileEncodingExample", "ProfileEncodingExample\ProfileEncodingExample.csproj", "{21D8327F-DDF7-456B-8046-C821E835A81D}"
EndProject
Project("{9A19103F-16F7-4668-BE54-9A1E7A4F7556}") = "CustomEncodingJsonExample", "CustomEncodingJsonExample\CustomEncodingJsonExample.csproj", "{15CA760D-18F6-4C77-9E10-28FC35B80996}"
EndProject
Project("{FAE04EC0-301F-11D3-BF4B-00C04F79EFBC}") = "CustomTusUploadEncodingExample", "CustomTusUploadEncodingExample\CustomTusUploadEncodingExample.csproj", "{B2C83213-BDD3-41EA-ADF2-D3A72B9979F0}"
EndProject
Global
	GlobalSection(SolutionConfigurationPlatforms) = preSolution
		Debug|Any CPU = Debug|Any CPU
		Release|Any CPU = Release|Any CPU
	EndGlobalSection
	GlobalSection(ProjectConfigurationPlatforms) = postSolution
		{D961400F-9432-4078-A664-FFF8134FE133}.Debug|Any CPU.ActiveCfg = Debug|Any CPU
		{D961400F-9432-4078-A664-FFF8134FE133}.Debug|Any CPU.Build.0 = Debug|Any CPU
		{D961400F-9432-4078-A664-FFF8134FE133}.Release|Any CPU.ActiveCfg = Release|Any CPU
		{D961400F-9432-4078-A664-FFF8134FE133}.Release|Any CPU.Build.0 = Release|Any CPU
		{30841209-EAC4-4AE5-BAEB-29060F441AE0}.Debug|Any CPU.ActiveCfg = Debug|Any CPU
		{30841209-EAC4-4AE5-BAEB-29060F441AE0}.Debug|Any CPU.Build.0 = Debug|Any CPU
		{30841209-EAC4-4AE5-BAEB-29060F441AE0}.Release|Any CPU.ActiveCfg = Release|Any CPU
		{30841209-EAC4-4AE5-BAEB-29060F441AE0}.Release|Any CPU.Build.0 = Release|Any CPU
		{21D8327F-DDF7-456B-8046-C821E835A81D}.Debug|Any CPU.ActiveCfg = Debug|Any CPU
		{21D8327F-DDF7-456B-8046-C821E835A81D}.Debug|Any CPU.Build.0 = Debug|Any CPU
		{21D8327F-DDF7-456B-8046-C821E835A81D}.Release|Any CPU.ActiveCfg = Release|Any CPU
		{21D8327F-DDF7-456B-8046-C821E835A81D}.Release|Any CPU.Build.0 = Release|Any CPU
		{15CA760D-18F6-4C77-9E10-28FC35B80996}.Debug|Any CPU.ActiveCfg = Debug|Any CPU
		{15CA760D-18F6-4C77-9E10-28FC35B80996}.Debug|Any CPU.Build.0 = Debug|Any CPU
		{15CA760D-18F6-4C77-9E10-28FC35B80996}.Release|Any CPU.ActiveCfg = Release|Any CPU
		{15CA760D-18F6-4C77-9E10-28FC35B80996}.Release|Any CPU.Build.0 = Release|Any CPU
		{B2C83213-BDD3-41EA-ADF2-D3A72B9979F0}.Debug|Any CPU.ActiveCfg = Debug|Any CPU
		{B2C83213-BDD3-41EA-ADF2-D3A72B9979F0}.Debug|Any CPU.Build.0 = Debug|Any CPU
		{B2C83213-BDD3-41EA-ADF2-D3A72B9979F0}.Release|Any CPU.ActiveCfg = Release|Any CPU
		{B2C83213-BDD3-41EA-ADF2-D3A72B9979F0}.Release|Any CPU.Build.0 = Release|Any CPU
	EndGlobalSection
	GlobalSection(SolutionProperties) = preSolution
		HideSolutionNode = FALSE
	EndGlobalSection
	GlobalSection(ExtensibilityGlobals) = postSolution
		SolutionGuid = {7E8CB0E1-F3B1-4832-9533-7487C467522F}
	EndGlobalSection
EndGlobal
